
Microsoft Visual Studio Solution File, Format Version 12.00
# Visual Studio Version 17
VisualStudioVersion = 17.14.36603.0 d17.14
MinimumVisualStudioVersion = 10.0.40219.1
Project("{8BC9CEB8-8B4A-11D0-8D11-00A0C91BC942}") = "W4Program", "W4Program.vcxproj", "{1CEF860D-FB7C-4AA9-831C-FE45D052C094}"
EndProject
Global
	GlobalSection(SolutionConfigurationPlatforms) = preSolution
		Debug|x64 = Debug|x64
		Debug|x86 = Debug|x86
		Release|x64 = Release|x64
		Release|x86 = Release|x86
	EndGlobalSection
	GlobalSection(ProjectConfigurationPlatforms) = postSolution
		{1CEF860D-FB7C-4AA9-831C-FE45D052C094}.Debug|x64.ActiveCfg = Debug|x64
		{1CEF860D-FB7C-4AA9-831C-FE45D052C094}.Debug|x64.Build.0 = Debug|x64
		{1CEF860D-FB7C-4AA9-831C-FE45D052C094}.Debug|x86.ActiveCfg = Debug|Win32
		{1CEF860D-FB7C-4AA9-831C-FE45D052C094}.Debug|x86.Build.0 = Debug|Win32
		{1CEF860D-FB7C-4AA9-831C-FE45D052C094}.Release|x64.ActiveCfg = Release|x64
		{1CEF860D-FB7C-4AA9-831C-FE45D052C094}.Release|x64.Build.0 = Release|x64
		{1CEF860D-FB7C-4AA9-831C-FE45D052C094}.Release|x86.ActiveCfg = Release|Win32
		{1CEF860D-FB7C-4AA9-831C-FE45D052C094}.Release|x86.Build.0 = Release|Win32
	EndGlobalSection
	GlobalSection(SolutionProperties) = preSolution
		HideSolutionNode = FALSE
	EndGlobalSection
	GlobalSection(ExtensibilityGlobals) = postSolution
		SolutionGuid = {50D6D9A8-08F5-4A68-8354-D6B539FEF0E7}
	EndGlobalSection
EndGlobal
